
Microsoft Visual Studio Solution File, Format Version 11.00
# Visual Studio 2010
Project("{FAE04EC0-301F-11D3-BF4B-00C04F79EFBC}") = "Assembly-CSharp", "Assembly-CSharp.csproj", "{19d80dbf-d502-8cff-42f8-c580c1513a92}"
EndProject
Project("{FAE04EC0-301F-11D3-BF4B-00C04F79EFBC}") = "Assembly-CSharp-firstpass", "Assembly-CSharp-firstpass.csproj", "{30fc8240-8e31-ecc2-4a67-4b640981a4b5}"
EndProject
Global
	GlobalSection(SolutionConfigurationPlatforms) = preSolution
		Debug|Any CPU = Debug|Any CPU
	EndGlobalSection
	GlobalSection(ProjectConfigurationPlatforms) = postSolution
		{19d80dbf-d502-8cff-42f8-c580c1513a92}.Debug|Any CPU.ActiveCfg = Debug|Any CPU
		{19d80dbf-d502-8cff-42f8-c580c1513a92}.Debug|Any CPU.Build.0 = Debug|Any CPU
		{30fc8240-8e31-ecc2-4a67-4b640981a4b5}.Debug|Any CPU.ActiveCfg = Debug|Any CPU
		{30fc8240-8e31-ecc2-4a67-4b640981a4b5}.Debug|Any CPU.Build.0 = Debug|Any CPU
	EndGlobalSection
	GlobalSection(SolutionProperties) = preSolution
		HideSolutionNode = FALSE
	EndGlobalSection
EndGlobal
